
Microsoft Visual Studio Solution File, Format Version 12.00
# Visual Studio Version 17
VisualStudioVersion = 17.1.32328.378
MinimumVisualStudioVersion = 10.0.40219.1
Project("{FAE04EC0-301F-11D3-BF4B-00C04F79EFBC}") = "Sistemas de Apostas", "Sistemas de Apostas\Sistemas de Apostas.csproj", "{46A9B01C-031C-4CE4-BA47-E5307AD58F17}"
EndProject
Global
	GlobalSection(SolutionConfigurationPlatforms) = preSolution
		Debug|Any CPU = Debug|Any CPU
		Release|Any CPU = Release|Any CPU
	EndGlobalSection
	GlobalSection(ProjectConfigurationPlatforms) = postSolution
		{46A9B01C-031C-4CE4-BA47-E5307AD58F17}.Debug|Any CPU.ActiveCfg = Debug|Any CPU
		{46A9B01C-031C-4CE4-BA47-E5307AD58F17}.Debug|Any CPU.Build.0 = Debug|Any CPU
		{46A9B01C-031C-4CE4-BA47-E5307AD58F17}.Release|Any CPU.ActiveCfg = Release|Any CPU
		{46A9B01C-031C-4CE4-BA47-E5307AD58F17}.Release|Any CPU.Build.0 = Release|Any CPU
	EndGlobalSection
	GlobalSection(SolutionProperties) = preSolution
		HideSolutionNode = FALSE
	EndGlobalSection
	GlobalSection(ExtensibilityGlobals) = postSolution
		SolutionGuid = {7F2B67E0-BC9D-4CAD-8DAF-218B7B632A51}
	EndGlobalSection
EndGlobal
